
Microsoft Visual Studio Solution File, Format Version 12.00
# Visual Studio Version 17
VisualStudioVersion = 17.2.32526.322
MinimumVisualStudioVersion = 10.0.40219.1
Project("{FAE04EC0-301F-11D3-BF4B-00C04F79EFBC}") = "ReadFileXML", "ReadFileXML\ReadFileXML.csproj", "{951B12BC-DFF2-44FF-BA54-56D78A525B1B}"
EndProject
Global
	GlobalSection(SolutionConfigurationPlatforms) = preSolution
		Debug|Any CPU = Debug|Any CPU
		Release|Any CPU = Release|Any CPU
	EndGlobalSection
	GlobalSection(ProjectConfigurationPlatforms) = postSolution
		{951B12BC-DFF2-44FF-BA54-56D78A525B1B}.Debug|Any CPU.ActiveCfg = Debug|Any CPU
		{951B12BC-DFF2-44FF-BA54-56D78A525B1B}.Debug|Any CPU.Build.0 = Debug|Any CPU
		{951B12BC-DFF2-44FF-BA54-56D78A525B1B}.Release|Any CPU.ActiveCfg = Release|Any CPU
		{951B12BC-DFF2-44FF-BA54-56D78A525B1B}.Release|Any CPU.Build.0 = Release|Any CPU
	EndGlobalSection
	GlobalSection(SolutionProperties) = preSolution
		HideSolutionNode = FALSE
	EndGlobalSection
	GlobalSection(ExtensibilityGlobals) = postSolution
		SolutionGuid = {B706DC29-C424-4FFD-8CFF-217D14717B56}
	EndGlobalSection
EndGlobal
